// !$*UTF8*$!
{
	archiveVersion = 1;
	classes = {
	};
	objectVersion = 46;
	objects = {

/* Begin PBXBuildFile section */
		981DA9CB1EC6D40E009776EA /* triangle_test1.cpp in Sources */ = {isa = PBXBuildFile; fileRef = 981DA9C91EC6D40E009776EA /* triangle_test1.cpp */; };
		981DA9CE1EC6EEDB009776EA /* triangle_test2.cpp in Sources */ = {isa = PBXBuildFile; fileRef = 981DA9CC1EC6EEDB009776EA /* triangle_test2.cpp */; };
		981DA9D01EC6F4EF009776EA /* triangle_test3.cpp in Sources */ = {isa = PBXBuildFile; fileRef = 981DA9CF1EC6F4EF009776EA /* triangle_test3.cpp */; };
		981DA9D21EC6FB02009776EA /* shaderTool.cpp in Sources */ = {isa = PBXBuildFile; fileRef = 981DA9D11EC6FB02009776EA /* shaderTool.cpp */; };
		981DA9D41EC700EF009776EA /* shaderTool1.cpp in Sources */ = {isa = PBXBuildFile; fileRef = 981DA9D31EC700EF009776EA /* shaderTool1.cpp */; };
		981DA9D61EC84576009776EA /* shaderTool2.cpp in Sources */ = {isa = PBXBuildFile; fileRef = 981DA9D51EC84575009776EA /* shaderTool2.cpp */; };
		981DA9DD1EC995B1009776EA /* ShaderTool3.cpp in Sources */ = {isa = PBXBuildFile; fileRef = 981DA9DC1EC995B1009776EA /* ShaderTool3.cpp */; };
		9860748F1ED55B2C003C1EEC /* libSOIL.a in Frameworks */ = {isa = PBXBuildFile; fileRef = 9860748E1ED55B2C003C1EEC /* libSOIL.a */; };
		98F16FA31EC45A6500B0277B /* main.cpp in Sources */ = {isa = PBXBuildFile; fileRef = 98F16FA21EC45A6500B0277B /* main.cpp */; };
		98F16FAB1EC4624200B0277B /* OpenGL.framework in Frameworks */ = {isa = PBXBuildFile; fileRef = 98F16FAA1EC4624200B0277B /* OpenGL.framework */; };
		98F16FAD1EC4631400B0277B /* libGLEW.2.0.0.dylib in Frameworks */ = {isa = PBXBuildFile; fileRef = 98F16FAC1EC4631400B0277B /* libGLEW.2.0.0.dylib */; };
		98F16FAF1EC4635000B0277B /* libglfw.3.2.dylib in Frameworks */ = {isa = PBXBuildFile; fileRef = 98F16FAE1EC4635000B0277B /* libglfw.3.2.dylib */; };
		98F16FB51EC5868B00B0277B /* squre.cpp in Sources */ = {isa = PBXBuildFile; fileRef = 98F16FB31EC5868B00B0277B /* squre.cpp */; };
		98F16FB71EC5DD2C00B0277B /* triangle.cpp in Sources */ = {isa = PBXBuildFile; fileRef = 98F16FB61EC5DD2C00B0277B /* triangle.cpp */; };
/* End PBXBuildFile section */

/* Begin PBXCopyFilesBuildPhase section */
		98F16F9D1EC45A6500B0277B /* CopyFiles */ = {
			isa = PBXCopyFilesBuildPhase;
			buildActionMask = 2147483647;
			dstPath = /usr/share/man/man1/;
			dstSubfolderSpec = 0;
			files = (
			);
			runOnlyForDeploymentPostprocessing = 1;
		};
/* End PBXCopyFilesBuildPhase section */

/* Begin PBXFileReference section */
		981DA9C91EC6D40E009776EA /* triangle_test1.cpp */ = {isa = PBXFileReference; fileEncoding = 4; lastKnownFileType = sourcecode.cpp.cpp; path = triangle_test1.cpp; sourceTree = "<group>"; };
		981DA9CC1EC6EEDB009776EA /* triangle_test2.cpp */ = {isa = PBXFileReference; fileEncoding = 4; lastKnownFileType = sourcecode.cpp.cpp; path = triangle_test2.cpp; sourceTree = "<group>"; };
		981DA9CF1EC6F4EF009776EA /* triangle_test3.cpp */ = {isa = PBXFileReference; fileEncoding = 4; lastKnownFileType = sourcecode.cpp.cpp; path = triangle_test3.cpp; sourceTree = "<group>"; };
		981DA9D11EC6FB02009776EA /* shaderTool.cpp */ = {isa = PBXFileReference; fileEncoding = 4; lastKnownFileType = sourcecode.cpp.cpp; path = shaderTool.cpp; sourceTree = "<group>"; };
		981DA9D31EC700EF009776EA /* shaderTool1.cpp */ = {isa = PBXFileReference; fileEncoding = 4; lastKnownFileType = sourcecode.cpp.cpp; path = shaderTool1.cpp; sourceTree = "<group>"; };
		981DA9D51EC84575009776EA /* shaderTool2.cpp */ = {isa = PBXFileReference; fileEncoding = 4; lastKnownFileType = sourcecode.cpp.cpp; path = shaderTool2.cpp; sourceTree = "<group>"; };
		981DA9DC1EC995B1009776EA /* ShaderTool3.cpp */ = {isa = PBXFileReference; fileEncoding = 4; lastKnownFileType = sourcecode.cpp.cpp; name = ShaderTool3.cpp; path = OpenglStudy/ShaderTool3.cpp; sourceTree = SOURCE_ROOT; };
		981DA9DF1EC99E5E009776EA /* shader.vs */ = {isa = PBXFileReference; fileEncoding = 4; lastKnownFileType = sourcecode.glsl; name = shader.vs; path = OpenglStudy/shader.vs; sourceTree = SOURCE_ROOT; };
		981DA9E01EC99E91009776EA /* shader.frag */ = {isa = PBXFileReference; fileEncoding = 4; lastKnownFileType = sourcecode.glsl; name = shader.frag; path = OpenglStudy/shader.frag; sourceTree = SOURCE_ROOT; };
		981DA9E21ECA96DB009776EA /* ShaderUtil.hpp */ = {isa = PBXFileReference; fileEncoding = 4; lastKnownFileType = sourcecode.cpp.h; path = ShaderUtil.hpp; sourceTree = "<group>"; };
		9860748E1ED55B2C003C1EEC /* libSOIL.a */ = {isa = PBXFileReference; lastKnownFileType = archive.ar; name = libSOIL.a; path = ../../../../SOIL_lib/lib/libSOIL.a; sourceTree = "<group>"; };
		98F16F9F1EC45A6500B0277B /* OpenglStudy */ = {isa = PBXFileReference; explicitFileType = "compiled.mach-o.executable"; includeInIndex = 0; path = OpenglStudy; sourceTree = BUILT_PRODUCTS_DIR; };
		98F16FA21EC45A6500B0277B /* main.cpp */ = {isa = PBXFileReference; lastKnownFileType = sourcecode.cpp.cpp; path = main.cpp; sourceTree = "<group>"; };
		98F16FAA1EC4624200B0277B /* OpenGL.framework */ = {isa = PBXFileReference; lastKnownFileType = wrapper.framework; name = OpenGL.framework; path = System/Library/Frameworks/OpenGL.framework; sourceTree = SDKROOT; };
		98F16FAC1EC4631400B0277B /* libGLEW.2.0.0.dylib */ = {isa = PBXFileReference; lastKnownFileType = "compiled.mach-o.dylib"; name = libGLEW.2.0.0.dylib; path = ../../../../../usr/local/Cellar/glew/2.0.0/lib/libGLEW.2.0.0.dylib; sourceTree = "<group>"; };
		98F16FAE1EC4635000B0277B /* libglfw.3.2.dylib */ = {isa = PBXFileReference; lastKnownFileType = "compiled.mach-o.dylib"; name = libglfw.3.2.dylib; path = ../../../../../usr/local/Cellar/glfw/3.2.1/lib/libglfw.3.2.dylib; sourceTree = "<group>"; };
		98F16FB31EC5868B00B0277B /* squre.cpp */ = {isa = PBXFileReference; fileEncoding = 4; lastKnownFileType = sourcecode.cpp.cpp; path = squre.cpp; sourceTree = "<group>"; };
		98F16FB61EC5DD2C00B0277B /* triangle.cpp */ = {isa = PBXFileReference; fileEncoding = 4; lastKnownFileType = sourcecode.cpp.cpp; path = triangle.cpp; sourceTree = "<group>"; };
/* End PBXFileReference section */

/* Begin PBXFrameworksBuildPhase section */
		98F16F9C1EC45A6500B0277B /* Frameworks */ = {
			isa = PBXFrameworksBuildPhase;
			buildActionMask = 2147483647;
			files = (
				9860748F1ED55B2C003C1EEC /* libSOIL.a in Frameworks */,
				98F16FAF1EC4635000B0277B /* libglfw.3.2.dylib in Frameworks */,
				98F16FAD1EC4631400B0277B /* libGLEW.2.0.0.dylib in Frameworks */,
				98F16FAB1EC4624200B0277B /* OpenGL.framework in Frameworks */,
			);
			runOnlyForDeploymentPostprocessing = 0;
		};
/* End PBXFrameworksBuildPhase section */

/* Begin PBXGroup section */
		98F16F961EC45A6500B0277B = {
			isa = PBXGroup;
			children = (
				98F16FA11EC45A6500B0277B /* OpenglStudy */,
				98F16FA01EC45A6500B0277B /* Products */,
				98F16FA91EC4624200B0277B /* Frameworks */,
			);
			sourceTree = "<group>";
		};
		98F16FA01EC45A6500B0277B /* Products */ = {
			isa = PBXGroup;
			children = (
				98F16F9F1EC45A6500B0277B /* OpenglStudy */,
			);
			name = Products;
			sourceTree = "<group>";
		};
		98F16FA11EC45A6500B0277B /* OpenglStudy */ = {
			isa = PBXGroup;
			children = (
				981DA9DF1EC99E5E009776EA /* shader.vs */,
				981DA9E01EC99E91009776EA /* shader.frag */,
				98F16FA21EC45A6500B0277B /* main.cpp */,
				98F16FB31EC5868B00B0277B /* squre.cpp */,
				98F16FB61EC5DD2C00B0277B /* triangle.cpp */,
				981DA9C91EC6D40E009776EA /* triangle_test1.cpp */,
				981DA9CC1EC6EEDB009776EA /* triangle_test2.cpp */,
				981DA9CF1EC6F4EF009776EA /* triangle_test3.cpp */,
				981DA9D11EC6FB02009776EA /* shaderTool.cpp */,
				981DA9D31EC700EF009776EA /* shaderTool1.cpp */,
				981DA9D51EC84575009776EA /* shaderTool2.cpp */,
				981DA9DC1EC995B1009776EA /* ShaderTool3.cpp */,
				981DA9E21ECA96DB009776EA /* ShaderUtil.hpp */,
			);
			path = OpenglStudy;
			sourceTree = "<group>";
		};
		98F16FA91EC4624200B0277B /* Frameworks */ = {
			isa = PBXGroup;
			children = (
				9860748E1ED55B2C003C1EEC /* libSOIL.a */,
				98F16FAE1EC4635000B0277B /* libglfw.3.2.dylib */,
				98F16FAC1EC4631400B0277B /* libGLEW.2.0.0.dylib */,
				98F16FAA1EC4624200B0277B /* OpenGL.framework */,
			);
			name = Frameworks;
			sourceTree = "<group>";
		};
/* End PBXGroup section */

/* Begin PBXNativeTarget section */
		98F16F9E1EC45A6500B0277B /* OpenglStudy */ = {
			isa = PBXNativeTarget;
			buildConfigurationList = 98F16FA61EC45A6500B0277B /* Build configuration list for PBXNativeTarget "OpenglStudy" */;
			buildPhases = (
				98F16F9B1EC45A6500B0277B /* Sources */,
				98F16F9C1EC45A6500B0277B /* Frameworks */,
				98F16F9D1EC45A6500B0277B /* CopyFiles */,
			);
			buildRules = (
			);
			dependencies = (
			);
			name = OpenglStudy;
			productName = OpenglStudy;
			productReference = 98F16F9F1EC45A6500B0277B /* OpenglStudy */;
			productType = "com.apple.product-type.tool";
		};
/* End PBXNativeTarget section */

/* Begin PBXProject section */
		98F16F971EC45A6500B0277B /* Project object */ = {
			isa = PBXProject;
			attributes = {
				LastUpgradeCheck = 0830;
				ORGANIZATIONNAME = "杨海鹏";
				TargetAttributes = {
					98F16F9E1EC45A6500B0277B = {
						CreatedOnToolsVersion = 8.3.2;
						ProvisioningStyle = Automatic;
					};
				};
			};
			buildConfigurationList = 98F16F9A1EC45A6500B0277B /* Build configuration list for PBXProject "OpenglStudy" */;
			compatibilityVersion = "Xcode 3.2";
			developmentRegion = English;
			hasScannedForEncodings = 0;
			knownRegions = (
				en,
			);
			mainGroup = 98F16F961EC45A6500B0277B;
			productRefGroup = 98F16FA01EC45A6500B0277B /* Products */;
			projectDirPath = "";
			projectRoot = "";
			targets = (
				98F16F9E1EC45A6500B0277B /* OpenglStudy */,
			);
		};
/* End PBXProject section */

/* Begin PBXSourcesBuildPhase section */
		98F16F9B1EC45A6500B0277B /* Sources */ = {
			isa = PBXSourcesBuildPhase;
			buildActionMask = 2147483647;
			files = (
				98F16FA31EC45A6500B0277B /* main.cpp in Sources */,
				981DA9D61EC84576009776EA /* shaderTool2.cpp in Sources */,
				981DA9CB1EC6D40E009776EA /* triangle_test1.cpp in Sources */,
				98F16FB71EC5DD2C00B0277B /* triangle.cpp in Sources */,
				981DA9D01EC6F4EF009776EA /* triangle_test3.cpp in Sources */,
				981DA9D21EC6FB02009776EA /* shaderTool.cpp in Sources */,
				98F16FB51EC5868B00B0277B /* squre.cpp in Sources */,
				981DA9DD1EC995B1009776EA /* ShaderTool3.cpp in Sources */,
				981DA9D41EC700EF009776EA /* shaderTool1.cpp in Sources */,
				981DA9CE1EC6EEDB009776EA /* triangle_test2.cpp in Sources */,
			);
			runOnlyForDeploymentPostprocessing = 0;
		};
/* End PBXSourcesBuildPhase section */

/* Begin XCBuildConfiguration section */
		98F16FA41EC45A6500B0277B /* Debug */ = {
			isa = XCBuildConfiguration;
			buildSettings = {
				ALWAYS_SEARCH_USER_PATHS = YES;
				CLANG_ANALYZER_NONNULL = YES;
				CLANG_ANALYZER_NUMBER_OBJECT_CONVERSION = YES_AGGRESSIVE;
				CLANG_CXX_LANGUAGE_STANDARD = "gnu++0x";
				CLANG_CXX_LIBRARY = "libc++";
				CLANG_ENABLE_MODULES = YES;
				CLANG_ENABLE_OBJC_ARC = YES;
				CLANG_WARN_BOOL_CONVERSION = YES;
				CLANG_WARN_CONSTANT_CONVERSION = YES;
				CLANG_WARN_DIRECT_OBJC_ISA_USAGE = YES_ERROR;
				CLANG_WARN_DOCUMENTATION_COMMENTS = YES;
				CLANG_WARN_EMPTY_BODY = YES;
				CLANG_WARN_ENUM_CONVERSION = YES;
				CLANG_WARN_INFINITE_RECURSION = YES;
				CLANG_WARN_INT_CONVERSION = YES;
				CLANG_WARN_OBJC_ROOT_CLASS = YES_ERROR;
				CLANG_WARN_SUSPICIOUS_MOVE = YES;
				CLANG_WARN_UNREACHABLE_CODE = YES;
				CLANG_WARN__DUPLICATE_METHOD_MATCH = YES;
				CODE_SIGN_IDENTITY = "-";
				COPY_PHASE_STRIP = NO;
				DEBUG_INFORMATION_FORMAT = dwarf;
				ENABLE_STRICT_OBJC_MSGSEND = YES;
				ENABLE_TESTABILITY = YES;
				GCC_C_LANGUAGE_STANDARD = gnu99;
				GCC_DYNAMIC_NO_PIC = NO;
				GCC_NO_COMMON_BLOCKS = YES;
				GCC_OPTIMIZATION_LEVEL = 0;
				GCC_PREPROCESSOR_DEFINITIONS = (
					"DEBUG=1",
					"$(inherited)",
				);
				GCC_WARN_64_TO_32_BIT_CONVERSION = YES;
				GCC_WARN_ABOUT_RETURN_TYPE = YES_ERROR;
				GCC_WARN_UNDECLARED_SELECTOR = YES;
				GCC_WARN_UNINITIALIZED_AUTOS = YES_AGGRESSIVE;
				GCC_WARN_UNUSED_FUNCTION = YES;
				GCC_WARN_UNUSED_VARIABLE = YES;
				"HEADER_SEARCH_PATHS[arch=*]" = "$(soil_header)";
				"LIBRARY_SEARCH_PATHS[arch=*]" = "$(soil_lib)";
				MACOSX_DEPLOYMENT_TARGET = 10.12;
				MTL_ENABLE_DEBUG_INFO = YES;
				NEW_SETTING = "";
				ONLY_ACTIVE_ARCH = YES;
				SDKROOT = macosx;
			};
			name = Debug;
		};
		98F16FA51EC45A6500B0277B /* Release */ = {
			isa = XCBuildConfiguration;
			buildSettings = {
				ALWAYS_SEARCH_USER_PATHS = YES;
				CLANG_ANALYZER_NONNULL = YES;
				CLANG_ANALYZER_NUMBER_OBJECT_CONVERSION = YES_AGGRESSIVE;
				CLANG_CXX_LANGUAGE_STANDARD = "gnu++0x";
				CLANG_CXX_LIBRARY = "libc++";
				CLANG_ENABLE_MODULES = YES;
				CLANG_ENABLE_OBJC_ARC = YES;
				CLANG_WARN_BOOL_CONVERSION = YES;
				CLANG_WARN_CONSTANT_CONVERSION = YES;
				CLANG_WARN_DIRECT_OBJC_ISA_USAGE = YES_ERROR;
				CLANG_WARN_DOCUMENTATION_COMMENTS = YES;
				CLANG_WARN_EMPTY_BODY = YES;
				CLANG_WARN_ENUM_CONVERSION = YES;
				CLANG_WARN_INFINITE_RECURSION = YES;
				CLANG_WARN_INT_CONVERSION = YES;
				CLANG_WARN_OBJC_ROOT_CLASS = YES_ERROR;
				CLANG_WARN_SUSPICIOUS_MOVE = YES;
				CLANG_WARN_UNREACHABLE_CODE = YES;
				CLANG_WARN__DUPLICATE_METHOD_MATCH = YES;
				CODE_SIGN_IDENTITY = "-";
				COPY_PHASE_STRIP = NO;
				DEBUG_INFORMATION_FORMAT = "dwarf-with-dsym";
				ENABLE_NS_ASSERTIONS = NO;
				ENABLE_STRICT_OBJC_MSGSEND = YES;
				GCC_C_LANGUAGE_STANDARD = gnu99;
				GCC_NO_COMMON_BLOCKS = YES;
				GCC_WARN_64_TO_32_BIT_CONVERSION = YES;
				GCC_WARN_ABOUT_RETURN_TYPE = YES_ERROR;
				GCC_WARN_UNDECLARED_SELECTOR = YES;
				GCC_WARN_UNINITIALIZED_AUTOS = YES_AGGRESSIVE;
				GCC_WARN_UNUSED_FUNCTION = YES;
				GCC_WARN_UNUSED_VARIABLE = YES;
				"HEADER_SEARCH_PATHS[arch=*]" = "$(soil_header)";
				"LIBRARY_SEARCH_PATHS[arch=*]" = "$(soil_lib)";
				MACOSX_DEPLOYMENT_TARGET = 10.12;
				MTL_ENABLE_DEBUG_INFO = NO;
				NEW_SETTING = "";
				SDKROOT = macosx;
			};
			name = Release;
		};
		98F16FA71EC45A6500B0277B /* Debug */ = {
			isa = XCBuildConfiguration;
			buildSettings = {
				"HEADER_SEARCH_PATHS[arch=*]" = (
					"$(glfw_header)",
					"$(glew_header)",
					"$(soil_header)",
				);
				LIBRARY_SEARCH_PATHS = (
					"$(soil_lib)",
					/usr/local/Cellar/glew/2.0.0/lib,
					/usr/local/Cellar/glfw/3.2.1/lib,
				);
				PRODUCT_NAME = "$(TARGET_NAME)";
			};
			name = Debug;
		};
		98F16FA81EC45A6500B0277B /* Release */ = {
			isa = XCBuildConfiguration;
			buildSettings = {
				"HEADER_SEARCH_PATHS[arch=*]" = (
					"$(glew_header)",
					"$(glfw_header)",
					"$(soil_header)",
				);
				LIBRARY_SEARCH_PATHS = (
					"$(soil_lib)",
					/usr/local/Cellar/glew/2.0.0/lib,
					/usr/local/Cellar/glfw/3.2.1/lib,
				);
				PRODUCT_NAME = "$(TARGET_NAME)";
			};
			name = Release;
		};
/* End XCBuildConfiguration section */

/* Begin XCConfigurationList section */
		98F16F9A1EC45A6500B0277B /* Build configuration list for PBXProject "OpenglStudy" */ = {
			isa = XCConfigurationList;
			buildConfigurations = (
				98F16FA41EC45A6500B0277B /* Debug */,
				98F16FA51EC45A6500B0277B /* Release */,
			);
			defaultConfigurationIsVisible = 0;
			defaultConfigurationName = Release;
		};
		98F16FA61EC45A6500B0277B /* Build configuration list for PBXNativeTarget "OpenglStudy" */ = {
			isa = XCConfigurationList;
			buildConfigurations = (
				98F16FA71EC45A6500B0277B /* Debug */,
				98F16FA81EC45A6500B0277B /* Release */,
			);
			defaultConfigurationIsVisible = 0;
			defaultConfigurationName = Release;
		};
/* End XCConfigurationList section */
	};
	rootObject = 98F16F971EC45A6500B0277B /* Project object */;
}
